
Microsoft Visual Studio Solution File, Format Version 12.00
# Visual Studio 14
VisualStudioVersion = 14.0.23107.0
MinimumVisualStudioVersion = 10.0.40219.1
Project("{F14B399A-7131-4C87-9E4B-1186C45EF12D}") = "Showing Percentage", "Showing Percentage\Showing Percentage.rptproj", "{A4DE915C-99C3-425A-BFFC-2D2AB69A227F}"
EndProject
Global
	GlobalSection(SolutionConfigurationPlatforms) = preSolution
		Debug|Default = Debug|Default
		DebugLocal|Default = DebugLocal|Default
		Release|Default = Release|Default
	EndGlobalSection
	GlobalSection(ProjectConfigurationPlatforms) = postSolution
		{A4DE915C-99C3-425A-BFFC-2D2AB69A227F}.Debug|Default.ActiveCfg = Debug
		{A4DE915C-99C3-425A-BFFC-2D2AB69A227F}.Debug|Default.Build.0 = Debug
		{A4DE915C-99C3-425A-BFFC-2D2AB69A227F}.Debug|Default.Deploy.0 = Debug
		{A4DE915C-99C3-425A-BFFC-2D2AB69A227F}.DebugLocal|Default.ActiveCfg = DebugLocal
		{A4DE915C-99C3-425A-BFFC-2D2AB69A227F}.DebugLocal|Default.Build.0 = DebugLocal
		{A4DE915C-99C3-425A-BFFC-2D2AB69A227F}.Release|Default.ActiveCfg = Release
		{A4DE915C-99C3-425A-BFFC-2D2AB69A227F}.Release|Default.Build.0 = Release
		{A4DE915C-99C3-425A-BFFC-2D2AB69A227F}.Release|Default.Deploy.0 = Release
	EndGlobalSection
	GlobalSection(SolutionProperties) = preSolution
		HideSolutionNode = FALSE
	EndGlobalSection
EndGlobal
