
Microsoft Visual Studio Solution File, Format Version 12.00
# Visual Studio 14
VisualStudioVersion = 14.0.23107.0
MinimumVisualStudioVersion = 10.0.40219.1
Project("{F14B399A-7131-4C87-9E4B-1186C45EF12D}") = "list of films, fixed page headers", "list of films, fixed page headers\list of films, fixed page headers.rptproj", "{81227F2B-0949-4A23-A802-F6AE200D0BEC}"
EndProject
Global
	GlobalSection(SolutionConfigurationPlatforms) = preSolution
		Debug|Default = Debug|Default
		DebugLocal|Default = DebugLocal|Default
		Release|Default = Release|Default
	EndGlobalSection
	GlobalSection(ProjectConfigurationPlatforms) = postSolution
		{81227F2B-0949-4A23-A802-F6AE200D0BEC}.Debug|Default.ActiveCfg = Debug
		{81227F2B-0949-4A23-A802-F6AE200D0BEC}.Debug|Default.Build.0 = Debug
		{81227F2B-0949-4A23-A802-F6AE200D0BEC}.Debug|Default.Deploy.0 = Debug
		{81227F2B-0949-4A23-A802-F6AE200D0BEC}.DebugLocal|Default.ActiveCfg = DebugLocal
		{81227F2B-0949-4A23-A802-F6AE200D0BEC}.DebugLocal|Default.Build.0 = DebugLocal
		{81227F2B-0949-4A23-A802-F6AE200D0BEC}.Release|Default.ActiveCfg = Release
		{81227F2B-0949-4A23-A802-F6AE200D0BEC}.Release|Default.Build.0 = Release
		{81227F2B-0949-4A23-A802-F6AE200D0BEC}.Release|Default.Deploy.0 = Release
	EndGlobalSection
	GlobalSection(SolutionProperties) = preSolution
		HideSolutionNode = FALSE
	EndGlobalSection
EndGlobal
