
Microsoft Visual Studio Solution File, Format Version 12.00
# Visual Studio 14
VisualStudioVersion = 14.0.23107.0
MinimumVisualStudioVersion = 10.0.40219.1
Project("{F14B399A-7131-4C87-9E4B-1186C45EF12D}") = "simple gauge for Oscar nominations", "simple gauge for Oscar nominations\simple gauge for Oscar nominations.rptproj", "{0FD97CD7-E7C5-49A7-9C4A-BE4EA1F884C4}"
EndProject
Global
	GlobalSection(SolutionConfigurationPlatforms) = preSolution
		Debug|Default = Debug|Default
		DebugLocal|Default = DebugLocal|Default
		Release|Default = Release|Default
	EndGlobalSection
	GlobalSection(ProjectConfigurationPlatforms) = postSolution
		{0FD97CD7-E7C5-49A7-9C4A-BE4EA1F884C4}.Debug|Default.ActiveCfg = Debug
		{0FD97CD7-E7C5-49A7-9C4A-BE4EA1F884C4}.Debug|Default.Build.0 = Debug
		{0FD97CD7-E7C5-49A7-9C4A-BE4EA1F884C4}.Debug|Default.Deploy.0 = Debug
		{0FD97CD7-E7C5-49A7-9C4A-BE4EA1F884C4}.DebugLocal|Default.ActiveCfg = DebugLocal
		{0FD97CD7-E7C5-49A7-9C4A-BE4EA1F884C4}.DebugLocal|Default.Build.0 = DebugLocal
		{0FD97CD7-E7C5-49A7-9C4A-BE4EA1F884C4}.Release|Default.ActiveCfg = Release
		{0FD97CD7-E7C5-49A7-9C4A-BE4EA1F884C4}.Release|Default.Build.0 = Release
		{0FD97CD7-E7C5-49A7-9C4A-BE4EA1F884C4}.Release|Default.Deploy.0 = Release
	EndGlobalSection
	GlobalSection(SolutionProperties) = preSolution
		HideSolutionNode = FALSE
	EndGlobalSection
EndGlobal
