
Microsoft Visual Studio Solution File, Format Version 12.00
# Visual Studio 14
VisualStudioVersion = 14.0.23107.0
MinimumVisualStudioVersion = 10.0.40219.1
Project("{F14B399A-7131-4C87-9E4B-1186C45EF12D}") = "Doughnut chart", "Doughnut chart\Doughnut chart.rptproj", "{AFBA7632-6DF5-4656-A12D-245B1C7F49FB}"
EndProject
Global
	GlobalSection(SolutionConfigurationPlatforms) = preSolution
		Debug|Default = Debug|Default
		DebugLocal|Default = DebugLocal|Default
		Release|Default = Release|Default
	EndGlobalSection
	GlobalSection(ProjectConfigurationPlatforms) = postSolution
		{AFBA7632-6DF5-4656-A12D-245B1C7F49FB}.Debug|Default.ActiveCfg = Debug
		{AFBA7632-6DF5-4656-A12D-245B1C7F49FB}.Debug|Default.Build.0 = Debug
		{AFBA7632-6DF5-4656-A12D-245B1C7F49FB}.Debug|Default.Deploy.0 = Debug
		{AFBA7632-6DF5-4656-A12D-245B1C7F49FB}.DebugLocal|Default.ActiveCfg = DebugLocal
		{AFBA7632-6DF5-4656-A12D-245B1C7F49FB}.DebugLocal|Default.Build.0 = DebugLocal
		{AFBA7632-6DF5-4656-A12D-245B1C7F49FB}.Release|Default.ActiveCfg = Release
		{AFBA7632-6DF5-4656-A12D-245B1C7F49FB}.Release|Default.Build.0 = Release
		{AFBA7632-6DF5-4656-A12D-245B1C7F49FB}.Release|Default.Deploy.0 = Release
	EndGlobalSection
	GlobalSection(SolutionProperties) = preSolution
		HideSolutionNode = FALSE
	EndGlobalSection
EndGlobal
