
Microsoft Visual Studio Solution File, Format Version 12.00
# Visual Studio 14
VisualStudioVersion = 14.0.23107.0
MinimumVisualStudioVersion = 10.0.40219.1
Project("{F14B399A-7131-4C87-9E4B-1186C45EF12D}") = "multivalue certificate dropdown", "multivalue certificate dropdown\multivalue certificate dropdown.rptproj", "{C96AFA41-E0AB-45A4-85E9-5FA706F2F791}"
EndProject
Global
	GlobalSection(SolutionConfigurationPlatforms) = preSolution
		Debug|Default = Debug|Default
		DebugLocal|Default = DebugLocal|Default
		Release|Default = Release|Default
	EndGlobalSection
	GlobalSection(ProjectConfigurationPlatforms) = postSolution
		{C96AFA41-E0AB-45A4-85E9-5FA706F2F791}.Debug|Default.ActiveCfg = Debug
		{C96AFA41-E0AB-45A4-85E9-5FA706F2F791}.Debug|Default.Build.0 = Debug
		{C96AFA41-E0AB-45A4-85E9-5FA706F2F791}.Debug|Default.Deploy.0 = Debug
		{C96AFA41-E0AB-45A4-85E9-5FA706F2F791}.DebugLocal|Default.ActiveCfg = DebugLocal
		{C96AFA41-E0AB-45A4-85E9-5FA706F2F791}.DebugLocal|Default.Build.0 = DebugLocal
		{C96AFA41-E0AB-45A4-85E9-5FA706F2F791}.Release|Default.ActiveCfg = Release
		{C96AFA41-E0AB-45A4-85E9-5FA706F2F791}.Release|Default.Build.0 = Release
		{C96AFA41-E0AB-45A4-85E9-5FA706F2F791}.Release|Default.Deploy.0 = Release
	EndGlobalSection
	GlobalSection(SolutionProperties) = preSolution
		HideSolutionNode = FALSE
	EndGlobalSection
EndGlobal
