
Microsoft Visual Studio Solution File, Format Version 12.00
# Visual Studio 14
VisualStudioVersion = 14.0.23107.0
MinimumVisualStudioVersion = 10.0.40219.1
Project("{F14B399A-7131-4C87-9E4B-1186C45EF12D}") = "Grouping tables - including outlining", "Grouping tables - including outlining\Grouping tables - including outlining.rptproj", "{891CF814-4439-4BC7-AAC9-C222ED19177D}"
EndProject
Global
	GlobalSection(SolutionConfigurationPlatforms) = preSolution
		Debug|Default = Debug|Default
		DebugLocal|Default = DebugLocal|Default
		Release|Default = Release|Default
	EndGlobalSection
	GlobalSection(ProjectConfigurationPlatforms) = postSolution
		{891CF814-4439-4BC7-AAC9-C222ED19177D}.Debug|Default.ActiveCfg = Debug
		{891CF814-4439-4BC7-AAC9-C222ED19177D}.Debug|Default.Build.0 = Debug
		{891CF814-4439-4BC7-AAC9-C222ED19177D}.Debug|Default.Deploy.0 = Debug
		{891CF814-4439-4BC7-AAC9-C222ED19177D}.DebugLocal|Default.ActiveCfg = DebugLocal
		{891CF814-4439-4BC7-AAC9-C222ED19177D}.DebugLocal|Default.Build.0 = DebugLocal
		{891CF814-4439-4BC7-AAC9-C222ED19177D}.Release|Default.ActiveCfg = Release
		{891CF814-4439-4BC7-AAC9-C222ED19177D}.Release|Default.Build.0 = Release
		{891CF814-4439-4BC7-AAC9-C222ED19177D}.Release|Default.Deploy.0 = Release
	EndGlobalSection
	GlobalSection(SolutionProperties) = preSolution
		HideSolutionNode = FALSE
	EndGlobalSection
EndGlobal
