
Microsoft Visual Studio Solution File, Format Version 12.00
# Visual Studio 14
VisualStudioVersion = 14.0.23107.0
MinimumVisualStudioVersion = 10.0.40219.1
Project("{F14B399A-7131-4C87-9E4B-1186C45EF12D}") = "simple bar chart", "simple bar chart\simple bar chart.rptproj", "{D852C47E-CB54-4A66-BB65-DD3F257520CD}"
EndProject
Global
	GlobalSection(SolutionConfigurationPlatforms) = preSolution
		Debug|Default = Debug|Default
		DebugLocal|Default = DebugLocal|Default
		Release|Default = Release|Default
	EndGlobalSection
	GlobalSection(ProjectConfigurationPlatforms) = postSolution
		{D852C47E-CB54-4A66-BB65-DD3F257520CD}.Debug|Default.ActiveCfg = Debug
		{D852C47E-CB54-4A66-BB65-DD3F257520CD}.Debug|Default.Build.0 = Debug
		{D852C47E-CB54-4A66-BB65-DD3F257520CD}.Debug|Default.Deploy.0 = Debug
		{D852C47E-CB54-4A66-BB65-DD3F257520CD}.DebugLocal|Default.ActiveCfg = DebugLocal
		{D852C47E-CB54-4A66-BB65-DD3F257520CD}.DebugLocal|Default.Build.0 = DebugLocal
		{D852C47E-CB54-4A66-BB65-DD3F257520CD}.Release|Default.ActiveCfg = Release
		{D852C47E-CB54-4A66-BB65-DD3F257520CD}.Release|Default.Build.0 = Release
		{D852C47E-CB54-4A66-BB65-DD3F257520CD}.Release|Default.Deploy.0 = Release
	EndGlobalSection
	GlobalSection(SolutionProperties) = preSolution
		HideSolutionNode = FALSE
	EndGlobalSection
EndGlobal
